
Microsoft Visual Studio Solution File, Format Version 12.00
# Visual Studio Version 17
VisualStudioVersion = 17.13.35931.197 d17.13
MinimumVisualStudioVersion = 10.0.40219.1
Project("{FAE04EC0-301F-11D3-BF4B-00C04F79EFBC}") = "Commando_project", "Commando_project\Commando_project.csproj", "{C50575EF-03EE-42F2-AEAE-ABDF3C24DA66}"
EndProject
Global
	GlobalSection(SolutionConfigurationPlatforms) = preSolution
		Debug|Any CPU = Debug|Any CPU
		Release|Any CPU = Release|Any CPU
	EndGlobalSection
	GlobalSection(ProjectConfigurationPlatforms) = postSolution
		{C50575EF-03EE-42F2-AEAE-ABDF3C24DA66}.Debug|Any CPU.ActiveCfg = Debug|Any CPU
		{C50575EF-03EE-42F2-AEAE-ABDF3C24DA66}.Debug|Any CPU.Build.0 = Debug|Any CPU
		{C50575EF-03EE-42F2-AEAE-ABDF3C24DA66}.Release|Any CPU.ActiveCfg = Release|Any CPU
		{C50575EF-03EE-42F2-AEAE-ABDF3C24DA66}.Release|Any CPU.Build.0 = Release|Any CPU
	EndGlobalSection
	GlobalSection(SolutionProperties) = preSolution
		HideSolutionNode = FALSE
	EndGlobalSection
	GlobalSection(ExtensibilityGlobals) = postSolution
		SolutionGuid = {696CF1FF-39B8-439B-8177-A6DE60B3DD40}
	EndGlobalSection
EndGlobal
